// !$*UTF8*$!
{
	archiveVersion = 1;
	classes = {
	};
	objectVersion = 50;
	objects = {

/* Begin PBXBuildFile section */
		22AE69AF26997E7A005FA882 /* SwiftUIAnimationBootcampApp.swift in Sources */ = {isa = PBXBuildFile; fileRef = 22AE69AE26997E7A005FA882 /* SwiftUIAnimationBootcampApp.swift */; };
		22AE69B126997E7B005FA882 /* ContentView.swift in Sources */ = {isa = PBXBuildFile; fileRef = 22AE69B026997E7B005FA882 /* ContentView.swift */; };
		22AE69B326997E87005FA882 /* Assets.xcassets in Resources */ = {isa = PBXBuildFile; fileRef = 22AE69B226997E87005FA882 /* Assets.xcassets */; };
		22AE69B626997E87005FA882 /* Preview Assets.xcassets in Resources */ = {isa = PBXBuildFile; fileRef = 22AE69B526997E87005FA882 /* Preview Assets.xcassets */; };
		22AE69BF2699871C005FA882 /* ShapeChangeAnimationBootcamp.swift in Sources */ = {isa = PBXBuildFile; fileRef = 22AE69BE2699871C005FA882 /* ShapeChangeAnimationBootcamp.swift */; };
		22AE69C32699EDCD005FA882 /* BoxAnimationBootcamp.swift in Sources */ = {isa = PBXBuildFile; fileRef = 22AE69C22699EDCC005FA882 /* BoxAnimationBootcamp.swift */; };
		22AE69C7269AC675005FA882 /* ProgressAnimationBootcampp.swift in Sources */ = {isa = PBXBuildFile; fileRef = 22AE69C6269AC675005FA882 /* ProgressAnimationBootcampp.swift */; };
/* End PBXBuildFile section */

/* Begin PBXFileReference section */
		22AE69AB26997E7A005FA882 /* SwiftUIAnimationBootcamp.app */ = {isa = PBXFileReference; explicitFileType = wrapper.application; includeInIndex = 0; path = SwiftUIAnimationBootcamp.app; sourceTree = BUILT_PRODUCTS_DIR; };
		22AE69AE26997E7A005FA882 /* SwiftUIAnimationBootcampApp.swift */ = {isa = PBXFileReference; lastKnownFileType = sourcecode.swift; path = SwiftUIAnimationBootcampApp.swift; sourceTree = "<group>"; };
		22AE69B026997E7B005FA882 /* ContentView.swift */ = {isa = PBXFileReference; lastKnownFileType = sourcecode.swift; path = ContentView.swift; sourceTree = "<group>"; };
		22AE69B226997E87005FA882 /* Assets.xcassets */ = {isa = PBXFileReference; lastKnownFileType = folder.assetcatalog; path = Assets.xcassets; sourceTree = "<group>"; };
		22AE69B526997E87005FA882 /* Preview Assets.xcassets */ = {isa = PBXFileReference; lastKnownFileType = folder.assetcatalog; path = "Preview Assets.xcassets"; sourceTree = "<group>"; };
		22AE69B726997E87005FA882 /* Info.plist */ = {isa = PBXFileReference; lastKnownFileType = text.plist.xml; path = Info.plist; sourceTree = "<group>"; };
		22AE69BE2699871C005FA882 /* ShapeChangeAnimationBootcamp.swift */ = {isa = PBXFileReference; lastKnownFileType = sourcecode.swift; path = ShapeChangeAnimationBootcamp.swift; sourceTree = "<group>"; };
		22AE69C22699EDCC005FA882 /* BoxAnimationBootcamp.swift */ = {isa = PBXFileReference; lastKnownFileType = sourcecode.swift; path = BoxAnimationBootcamp.swift; sourceTree = "<group>"; };
		22AE69C6269AC675005FA882 /* ProgressAnimationBootcampp.swift */ = {isa = PBXFileReference; lastKnownFileType = sourcecode.swift; path = ProgressAnimationBootcampp.swift; sourceTree = "<group>"; };
/* End PBXFileReference section */

/* Begin PBXFrameworksBuildPhase section */
		22AE69A826997E7A005FA882 /* Frameworks */ = {
			isa = PBXFrameworksBuildPhase;
			buildActionMask = 2147483647;
			files = (
			);
			runOnlyForDeploymentPostprocessing = 0;
		};
/* End PBXFrameworksBuildPhase section */

/* Begin PBXGroup section */
		22AE69A226997E7A005FA882 = {
			isa = PBXGroup;
			children = (
				22AE69AD26997E7A005FA882 /* SwiftUIAnimationBootcamp */,
				22AE69AC26997E7A005FA882 /* Products */,
			);
			sourceTree = "<group>";
		};
		22AE69AC26997E7A005FA882 /* Products */ = {
			isa = PBXGroup;
			children = (
				22AE69AB26997E7A005FA882 /* SwiftUIAnimationBootcamp.app */,
			);
			name = Products;
			sourceTree = "<group>";
		};
		22AE69AD26997E7A005FA882 /* SwiftUIAnimationBootcamp */ = {
			isa = PBXGroup;
			children = (
				22AE69AE26997E7A005FA882 /* SwiftUIAnimationBootcampApp.swift */,
				22AE69B026997E7B005FA882 /* ContentView.swift */,
				22AE69BE2699871C005FA882 /* ShapeChangeAnimationBootcamp.swift */,
				22AE69C22699EDCC005FA882 /* BoxAnimationBootcamp.swift */,
				22AE69C6269AC675005FA882 /* ProgressAnimationBootcampp.swift */,
				22AE69B226997E87005FA882 /* Assets.xcassets */,
				22AE69B726997E87005FA882 /* Info.plist */,
				22AE69B426997E87005FA882 /* Preview Content */,
			);
			path = SwiftUIAnimationBootcamp;
			sourceTree = "<group>";
		};
		22AE69B426997E87005FA882 /* Preview Content */ = {
			isa = PBXGroup;
			children = (
				22AE69B526997E87005FA882 /* Preview Assets.xcassets */,
			);
			path = "Preview Content";
			sourceTree = "<group>";
		};
/* End PBXGroup section */

/* Begin PBXNativeTarget section */
		22AE69AA26997E7A005FA882 /* SwiftUIAnimationBootcamp */ = {
			isa = PBXNativeTarget;
			buildConfigurationList = 22AE69BA26997E87005FA882 /* Build configuration list for PBXNativeTarget "SwiftUIAnimationBootcamp" */;
			buildPhases = (
				22AE69A726997E7A005FA882 /* Sources */,
				22AE69A826997E7A005FA882 /* Frameworks */,
				22AE69A926997E7A005FA882 /* Resources */,
			);
			buildRules = (
			);
			dependencies = (
			);
			name = SwiftUIAnimationBootcamp;
			productName = SwiftUIAnimationBootcamp;
			productReference = 22AE69AB26997E7A005FA882 /* SwiftUIAnimationBootcamp.app */;
			productType = "com.apple.product-type.application";
		};
/* End PBXNativeTarget section */

/* Begin PBXProject section */
		22AE69A326997E7A005FA882 /* Project object */ = {
			isa = PBXProject;
			attributes = {
				LastSwiftUpdateCheck = 1240;
				LastUpgradeCheck = 1240;
				TargetAttributes = {
					22AE69AA26997E7A005FA882 = {
						CreatedOnToolsVersion = 12.4;
					};
				};
			};
			buildConfigurationList = 22AE69A626997E7A005FA882 /* Build configuration list for PBXProject "SwiftUIAnimationBootcamp" */;
			compatibilityVersion = "Xcode 9.3";
			developmentRegion = en;
			hasScannedForEncodings = 0;
			knownRegions = (
				en,
				Base,
			);
			mainGroup = 22AE69A226997E7A005FA882;
			productRefGroup = 22AE69AC26997E7A005FA882 /* Products */;
			projectDirPath = "";
			projectRoot = "";
			targets = (
				22AE69AA26997E7A005FA882 /* SwiftUIAnimationBootcamp */,
			);
		};
/* End PBXProject section */

/* Begin PBXResourcesBuildPhase section */
		22AE69A926997E7A005FA882 /* Resources */ = {
			isa = PBXResourcesBuildPhase;
			buildActionMask = 2147483647;
			files = (
				22AE69B626997E87005FA882 /* Preview Assets.xcassets in Resources */,
				22AE69B326997E87005FA882 /* Assets.xcassets in Resources */,
			);
			runOnlyForDeploymentPostprocessing = 0;
		};
/* End PBXResourcesBuildPhase section */

/* Begin PBXSourcesBuildPhase section */
		22AE69A726997E7A005FA882 /* Sources */ = {
			isa = PBXSourcesBuildPhase;
			buildActionMask = 2147483647;
			files = (
				22AE69C7269AC675005FA882 /* ProgressAnimationBootcampp.swift in Sources */,
				22AE69B126997E7B005FA882 /* ContentView.swift in Sources */,
				22AE69AF26997E7A005FA882 /* SwiftUIAnimationBootcampApp.swift in Sources */,
				22AE69BF2699871C005FA882 /* ShapeChangeAnimationBootcamp.swift in Sources */,
				22AE69C32699EDCD005FA882 /* BoxAnimationBootcamp.swift in Sources */,
			);
			runOnlyForDeploymentPostprocessing = 0;
		};
/* End PBXSourcesBuildPhase section */

/* Begin XCBuildConfiguration section */
		22AE69B826997E87005FA882 /* Debug */ = {
			isa = XCBuildConfiguration;
			buildSettings = {
				ALWAYS_SEARCH_USER_PATHS = NO;
				CLANG_ANALYZER_NONNULL = YES;
				CLANG_ANALYZER_NUMBER_OBJECT_CONVERSION = YES_AGGRESSIVE;
				CLANG_CXX_LANGUAGE_STANDARD = "gnu++14";
				CLANG_CXX_LIBRARY = "libc++";
				CLANG_ENABLE_MODULES = YES;
				CLANG_ENABLE_OBJC_ARC = YES;
				CLANG_ENABLE_OBJC_WEAK = YES;
				CLANG_WARN_BLOCK_CAPTURE_AUTORELEASING = YES;
				CLANG_WARN_BOOL_CONVERSION = YES;
				CLANG_WARN_COMMA = YES;
				CLANG_WARN_CONSTANT_CONVERSION = YES;
				CLANG_WARN_DEPRECATED_OBJC_IMPLEMENTATIONS = YES;
				CLANG_WARN_DIRECT_OBJC_ISA_USAGE = YES_ERROR;
				CLANG_WARN_DOCUMENTATION_COMMENTS = YES;
				CLANG_WARN_EMPTY_BODY = YES;
				CLANG_WARN_ENUM_CONVERSION = YES;
				CLANG_WARN_INFINITE_RECURSION = YES;
				CLANG_WARN_INT_CONVERSION = YES;
				CLANG_WARN_NON_LITERAL_NULL_CONVERSION = YES;
				CLANG_WARN_OBJC_IMPLICIT_RETAIN_SELF = YES;
				CLANG_WARN_OBJC_LITERAL_CONVERSION = YES;
				CLANG_WARN_OBJC_ROOT_CLASS = YES_ERROR;
				CLANG_WARN_QUOTED_INCLUDE_IN_FRAMEWORK_HEADER = YES;
				CLANG_WARN_RANGE_LOOP_ANALYSIS = YES;
				CLANG_WARN_STRICT_PROTOTYPES = YES;
				CLANG_WARN_SUSPICIOUS_MOVE = YES;
				CLANG_WARN_UNGUARDED_AVAILABILITY = YES_AGGRESSIVE;
				CLANG_WARN_UNREACHABLE_CODE = YES;
				CLANG_WARN__DUPLICATE_METHOD_MATCH = YES;
				COPY_PHASE_STRIP = NO;
				DEBUG_INFORMATION_FORMAT = dwarf;
				ENABLE_STRICT_OBJC_MSGSEND = YES;
				ENABLE_TESTABILITY = YES;
				GCC_C_LANGUAGE_STANDARD = gnu11;
				GCC_DYNAMIC_NO_PIC = NO;
				GCC_NO_COMMON_BLOCKS = YES;
				GCC_OPTIMIZATION_LEVEL = 0;
				GCC_PREPROCESSOR_DEFINITIONS = (
					"DEBUG=1",
					"$(inherited)",
				);
				GCC_WARN_64_TO_32_BIT_CONVERSION = YES;
				GCC_WARN_ABOUT_RETURN_TYPE = YES_ERROR;
				GCC_WARN_UNDECLARED_SELECTOR = YES;
				GCC_WARN_UNINITIALIZED_AUTOS = YES_AGGRESSIVE;
				GCC_WARN_UNUSED_FUNCTION = YES;
				GCC_WARN_UNUSED_VARIABLE = YES;
				IPHONEOS_DEPLOYMENT_TARGET = 14.4;
				MTL_ENABLE_DEBUG_INFO = INCLUDE_SOURCE;
				MTL_FAST_MATH = YES;
				ONLY_ACTIVE_ARCH = YES;
				SDKROOT = iphoneos;
				SWIFT_ACTIVE_COMPILATION_CONDITIONS = DEBUG;
				SWIFT_OPTIMIZATION_LEVEL = "-Onone";
			};
			name = Debug;
		};
		22AE69B926997E87005FA882 /* Release */ = {
			isa = XCBuildConfiguration;
			buildSettings = {
				ALWAYS_SEARCH_USER_PATHS = NO;
				CLANG_ANALYZER_NONNULL = YES;
				CLANG_ANALYZER_NUMBER_OBJECT_CONVERSION = YES_AGGRESSIVE;
				CLANG_CXX_LANGUAGE_STANDARD = "gnu++14";
				CLANG_CXX_LIBRARY = "libc++";
				CLANG_ENABLE_MODULES = YES;
				CLANG_ENABLE_OBJC_ARC = YES;
				CLANG_ENABLE_OBJC_WEAK = YES;
				CLANG_WARN_BLOCK_CAPTURE_AUTORELEASING = YES;
				CLANG_WARN_BOOL_CONVERSION = YES;
				CLANG_WARN_COMMA = YES;
				CLANG_WARN_CONSTANT_CONVERSION = YES;
				CLANG_WARN_DEPRECATED_OBJC_IMPLEMENTATIONS = YES;
				CLANG_WARN_DIRECT_OBJC_ISA_USAGE = YES_ERROR;
				CLANG_WARN_DOCUMENTATION_COMMENTS = YES;
				CLANG_WARN_EMPTY_BODY = YES;
				CLANG_WARN_ENUM_CONVERSION = YES;
				CLANG_WARN_INFINITE_RECURSION = YES;
				CLANG_WARN_INT_CONVERSION = YES;
				CLANG_WARN_NON_LITERAL_NULL_CONVERSION = YES;
				CLANG_WARN_OBJC_IMPLICIT_RETAIN_SELF = YES;
				CLANG_WARN_OBJC_LITERAL_CONVERSION = YES;
				CLANG_WARN_OBJC_ROOT_CLASS = YES_ERROR;
				CLANG_WARN_QUOTED_INCLUDE_IN_FRAMEWORK_HEADER = YES;
				CLANG_WARN_RANGE_LOOP_ANALYSIS = YES;
				CLANG_WARN_STRICT_PROTOTYPES = YES;
				CLANG_WARN_SUSPICIOUS_MOVE = YES;
				CLANG_WARN_UNGUARDED_AVAILABILITY = YES_AGGRESSIVE;
				CLANG_WARN_UNREACHABLE_CODE = YES;
				CLANG_WARN__DUPLICATE_METHOD_MATCH = YES;
				COPY_PHASE_STRIP = NO;
				DEBUG_INFORMATION_FORMAT = "dwarf-with-dsym";
				ENABLE_NS_ASSERTIONS = NO;
				ENABLE_STRICT_OBJC_MSGSEND = YES;
				GCC_C_LANGUAGE_STANDARD = gnu11;
				GCC_NO_COMMON_BLOCKS = YES;
				GCC_WARN_64_TO_32_BIT_CONVERSION = YES;
				GCC_WARN_ABOUT_RETURN_TYPE = YES_ERROR;
				GCC_WARN_UNDECLARED_SELECTOR = YES;
				GCC_WARN_UNINITIALIZED_AUTOS = YES_AGGRESSIVE;
				GCC_WARN_UNUSED_FUNCTION = YES;
				GCC_WARN_UNUSED_VARIABLE = YES;
				IPHONEOS_DEPLOYMENT_TARGET = 14.4;
				MTL_ENABLE_DEBUG_INFO = NO;
				MTL_FAST_MATH = YES;
				SDKROOT = iphoneos;
				SWIFT_COMPILATION_MODE = wholemodule;
				SWIFT_OPTIMIZATION_LEVEL = "-O";
				VALIDATE_PRODUCT = YES;
			};
			name = Release;
		};
		22AE69BB26997E87005FA882 /* Debug */ = {
			isa = XCBuildConfiguration;
			buildSettings = {
				ASSETCATALOG_COMPILER_APPICON_NAME = AppIcon;
				ASSETCATALOG_COMPILER_GLOBAL_ACCENT_COLOR_NAME = AccentColor;
				CODE_SIGN_STYLE = Automatic;
				DEVELOPMENT_ASSET_PATHS = "\"SwiftUIAnimationBootcamp/Preview Content\"";
				ENABLE_PREVIEWS = YES;
				INFOPLIST_FILE = SwiftUIAnimationBootcamp/Info.plist;
				IPHONEOS_DEPLOYMENT_TARGET = 14.0;
				LD_RUNPATH_SEARCH_PATHS = (
					"$(inherited)",
					"@executable_path/Frameworks",
				);
				PRODUCT_BUNDLE_IDENTIFIER = philips.SwiftUIAnimationBootcamp;
				PRODUCT_NAME = "$(TARGET_NAME)";
				SWIFT_VERSION = 5.0;
				TARGETED_DEVICE_FAMILY = "1,2";
			};
			name = Debug;
		};
		22AE69BC26997E87005FA882 /* Release */ = {
			isa = XCBuildConfiguration;
			buildSettings = {
				ASSETCATALOG_COMPILER_APPICON_NAME = AppIcon;
				ASSETCATALOG_COMPILER_GLOBAL_ACCENT_COLOR_NAME = AccentColor;
				CODE_SIGN_STYLE = Automatic;
				DEVELOPMENT_ASSET_PATHS = "\"SwiftUIAnimationBootcamp/Preview Content\"";
				ENABLE_PREVIEWS = YES;
				INFOPLIST_FILE = SwiftUIAnimationBootcamp/Info.plist;
				IPHONEOS_DEPLOYMENT_TARGET = 14.0;
				LD_RUNPATH_SEARCH_PATHS = (
					"$(inherited)",
					"@executable_path/Frameworks",
				);
				PRODUCT_BUNDLE_IDENTIFIER = philips.SwiftUIAnimationBootcamp;
				PRODUCT_NAME = "$(TARGET_NAME)";
				SWIFT_VERSION = 5.0;
				TARGETED_DEVICE_FAMILY = "1,2";
			};
			name = Release;
		};
/* End XCBuildConfiguration section */

/* Begin XCConfigurationList section */
		22AE69A626997E7A005FA882 /* Build configuration list for PBXProject "SwiftUIAnimationBootcamp" */ = {
			isa = XCConfigurationList;
			buildConfigurations = (
				22AE69B826997E87005FA882 /* Debug */,
				22AE69B926997E87005FA882 /* Release */,
			);
			defaultConfigurationIsVisible = 0;
			defaultConfigurationName = Release;
		};
		22AE69BA26997E87005FA882 /* Build configuration list for PBXNativeTarget "SwiftUIAnimationBootcamp" */ = {
			isa = XCConfigurationList;
			buildConfigurations = (
				22AE69BB26997E87005FA882 /* Debug */,
				22AE69BC26997E87005FA882 /* Release */,
			);
			defaultConfigurationIsVisible = 0;
			defaultConfigurationName = Release;
		};
/* End XCConfigurationList section */
	};
	rootObject = 22AE69A326997E7A005FA882 /* Project object */;
}
