// !$*UTF8*$!
{
	archiveVersion = 1;
	classes = {
	};
	objectVersion = 50;
	objects = {

/* Begin PBXBuildFile section */
		225BFB472681F35200F2C778 /* TodoListApp.swift in Sources */ = {isa = PBXBuildFile; fileRef = 225BFB462681F35200F2C778 /* TodoListApp.swift */; };
		225BFB492681F35200F2C778 /* UserProfileView.swift in Sources */ = {isa = PBXBuildFile; fileRef = 225BFB482681F35200F2C778 /* UserProfileView.swift */; };
		225BFB4B2681F35400F2C778 /* Assets.xcassets in Resources */ = {isa = PBXBuildFile; fileRef = 225BFB4A2681F35400F2C778 /* Assets.xcassets */; };
		225BFB4E2681F35400F2C778 /* Preview Assets.xcassets in Resources */ = {isa = PBXBuildFile; fileRef = 225BFB4D2681F35400F2C778 /* Preview Assets.xcassets */; };
		225BFB5E2681F4A800F2C778 /* UserProfileViewModel.swift in Sources */ = {isa = PBXBuildFile; fileRef = 225BFB5D2681F4A800F2C778 /* UserProfileViewModel.swift */; };
		225BFB632681F51400F2C778 /* UserRepository.swift in Sources */ = {isa = PBXBuildFile; fileRef = 225BFB622681F51400F2C778 /* UserRepository.swift */; };
		225BFB682681F5A500F2C778 /* User.swift in Sources */ = {isa = PBXBuildFile; fileRef = 225BFB672681F5A500F2C778 /* User.swift */; };
		225BFB6D2681F64A00F2C778 /* UserApiService.swift in Sources */ = {isa = PBXBuildFile; fileRef = 225BFB6C2681F64A00F2C778 /* UserApiService.swift */; };
/* End PBXBuildFile section */

/* Begin PBXFileReference section */
		225BFB432681F35200F2C778 /* TodoList.app */ = {isa = PBXFileReference; explicitFileType = wrapper.application; includeInIndex = 0; path = TodoList.app; sourceTree = BUILT_PRODUCTS_DIR; };
		225BFB462681F35200F2C778 /* TodoListApp.swift */ = {isa = PBXFileReference; lastKnownFileType = sourcecode.swift; path = TodoListApp.swift; sourceTree = "<group>"; };
		225BFB482681F35200F2C778 /* UserProfileView.swift */ = {isa = PBXFileReference; lastKnownFileType = sourcecode.swift; path = UserProfileView.swift; sourceTree = "<group>"; };
		225BFB4A2681F35400F2C778 /* Assets.xcassets */ = {isa = PBXFileReference; lastKnownFileType = folder.assetcatalog; path = Assets.xcassets; sourceTree = "<group>"; };
		225BFB4D2681F35400F2C778 /* Preview Assets.xcassets */ = {isa = PBXFileReference; lastKnownFileType = folder.assetcatalog; path = "Preview Assets.xcassets"; sourceTree = "<group>"; };
		225BFB4F2681F35400F2C778 /* Info.plist */ = {isa = PBXFileReference; lastKnownFileType = text.plist.xml; path = Info.plist; sourceTree = "<group>"; };
		225BFB5D2681F4A800F2C778 /* UserProfileViewModel.swift */ = {isa = PBXFileReference; lastKnownFileType = sourcecode.swift; path = UserProfileViewModel.swift; sourceTree = "<group>"; };
		225BFB622681F51400F2C778 /* UserRepository.swift */ = {isa = PBXFileReference; lastKnownFileType = sourcecode.swift; path = UserRepository.swift; sourceTree = "<group>"; };
		225BFB672681F5A500F2C778 /* User.swift */ = {isa = PBXFileReference; lastKnownFileType = sourcecode.swift; path = User.swift; sourceTree = "<group>"; };
		225BFB6C2681F64A00F2C778 /* UserApiService.swift */ = {isa = PBXFileReference; lastKnownFileType = sourcecode.swift; path = UserApiService.swift; sourceTree = "<group>"; };
/* End PBXFileReference section */

/* Begin PBXFrameworksBuildPhase section */
		225BFB402681F35200F2C778 /* Frameworks */ = {
			isa = PBXFrameworksBuildPhase;
			buildActionMask = 2147483647;
			files = (
			);
			runOnlyForDeploymentPostprocessing = 0;
		};
/* End PBXFrameworksBuildPhase section */

/* Begin PBXGroup section */
		225BFB3A2681F35200F2C778 = {
			isa = PBXGroup;
			children = (
				225BFB452681F35200F2C778 /* TodoList */,
				225BFB442681F35200F2C778 /* Products */,
			);
			sourceTree = "<group>";
		};
		225BFB442681F35200F2C778 /* Products */ = {
			isa = PBXGroup;
			children = (
				225BFB432681F35200F2C778 /* TodoList.app */,
			);
			name = Products;
			sourceTree = "<group>";
		};
		225BFB452681F35200F2C778 /* TodoList */ = {
			isa = PBXGroup;
			children = (
				225BFB462681F35200F2C778 /* TodoListApp.swift */,
				225BFB6B2681F62D00F2C778 /* Services */,
				225BFB662681F59900F2C778 /* Models */,
				225BFB612681F4FD00F2C778 /* Repository */,
				225BFB572681F36200F2C778 /* ViewModels */,
				225BFB562681F35B00F2C778 /* Views */,
				225BFB4A2681F35400F2C778 /* Assets.xcassets */,
				225BFB4F2681F35400F2C778 /* Info.plist */,
				225BFB4C2681F35400F2C778 /* Preview Content */,
			);
			path = TodoList;
			sourceTree = "<group>";
		};
		225BFB4C2681F35400F2C778 /* Preview Content */ = {
			isa = PBXGroup;
			children = (
				225BFB4D2681F35400F2C778 /* Preview Assets.xcassets */,
			);
			path = "Preview Content";
			sourceTree = "<group>";
		};
		225BFB562681F35B00F2C778 /* Views */ = {
			isa = PBXGroup;
			children = (
				225BFB5C2681F47900F2C778 /* User */,
			);
			path = Views;
			sourceTree = "<group>";
		};
		225BFB572681F36200F2C778 /* ViewModels */ = {
			isa = PBXGroup;
			children = (
				225BFB5D2681F4A800F2C778 /* UserProfileViewModel.swift */,
			);
			path = ViewModels;
			sourceTree = "<group>";
		};
		225BFB5C2681F47900F2C778 /* User */ = {
			isa = PBXGroup;
			children = (
				225BFB482681F35200F2C778 /* UserProfileView.swift */,
			);
			path = User;
			sourceTree = "<group>";
		};
		225BFB612681F4FD00F2C778 /* Repository */ = {
			isa = PBXGroup;
			children = (
				225BFB622681F51400F2C778 /* UserRepository.swift */,
			);
			path = Repository;
			sourceTree = "<group>";
		};
		225BFB662681F59900F2C778 /* Models */ = {
			isa = PBXGroup;
			children = (
				225BFB672681F5A500F2C778 /* User.swift */,
			);
			path = Models;
			sourceTree = "<group>";
		};
		225BFB6B2681F62D00F2C778 /* Services */ = {
			isa = PBXGroup;
			children = (
				225BFB6C2681F64A00F2C778 /* UserApiService.swift */,
			);
			path = Services;
			sourceTree = "<group>";
		};
/* End PBXGroup section */

/* Begin PBXNativeTarget section */
		225BFB422681F35200F2C778 /* TodoList */ = {
			isa = PBXNativeTarget;
			buildConfigurationList = 225BFB522681F35400F2C778 /* Build configuration list for PBXNativeTarget "TodoList" */;
			buildPhases = (
				225BFB3F2681F35200F2C778 /* Sources */,
				225BFB402681F35200F2C778 /* Frameworks */,
				225BFB412681F35200F2C778 /* Resources */,
			);
			buildRules = (
			);
			dependencies = (
			);
			name = TodoList;
			productName = TodoList;
			productReference = 225BFB432681F35200F2C778 /* TodoList.app */;
			productType = "com.apple.product-type.application";
		};
/* End PBXNativeTarget section */

/* Begin PBXProject section */
		225BFB3B2681F35200F2C778 /* Project object */ = {
			isa = PBXProject;
			attributes = {
				LastSwiftUpdateCheck = 1240;
				LastUpgradeCheck = 1240;
				TargetAttributes = {
					225BFB422681F35200F2C778 = {
						CreatedOnToolsVersion = 12.4;
					};
				};
			};
			buildConfigurationList = 225BFB3E2681F35200F2C778 /* Build configuration list for PBXProject "TodoList" */;
			compatibilityVersion = "Xcode 9.3";
			developmentRegion = en;
			hasScannedForEncodings = 0;
			knownRegions = (
				en,
				Base,
			);
			mainGroup = 225BFB3A2681F35200F2C778;
			productRefGroup = 225BFB442681F35200F2C778 /* Products */;
			projectDirPath = "";
			projectRoot = "";
			targets = (
				225BFB422681F35200F2C778 /* TodoList */,
			);
		};
/* End PBXProject section */

/* Begin PBXResourcesBuildPhase section */
		225BFB412681F35200F2C778 /* Resources */ = {
			isa = PBXResourcesBuildPhase;
			buildActionMask = 2147483647;
			files = (
				225BFB4E2681F35400F2C778 /* Preview Assets.xcassets in Resources */,
				225BFB4B2681F35400F2C778 /* Assets.xcassets in Resources */,
			);
			runOnlyForDeploymentPostprocessing = 0;
		};
/* End PBXResourcesBuildPhase section */

/* Begin PBXSourcesBuildPhase section */
		225BFB3F2681F35200F2C778 /* Sources */ = {
			isa = PBXSourcesBuildPhase;
			buildActionMask = 2147483647;
			files = (
				225BFB492681F35200F2C778 /* UserProfileView.swift in Sources */,
				225BFB472681F35200F2C778 /* TodoListApp.swift in Sources */,
				225BFB632681F51400F2C778 /* UserRepository.swift in Sources */,
				225BFB682681F5A500F2C778 /* User.swift in Sources */,
				225BFB5E2681F4A800F2C778 /* UserProfileViewModel.swift in Sources */,
				225BFB6D2681F64A00F2C778 /* UserApiService.swift in Sources */,
			);
			runOnlyForDeploymentPostprocessing = 0;
		};
/* End PBXSourcesBuildPhase section */

/* Begin XCBuildConfiguration section */
		225BFB502681F35400F2C778 /* Debug */ = {
			isa = XCBuildConfiguration;
			buildSettings = {
				ALWAYS_SEARCH_USER_PATHS = NO;
				CLANG_ANALYZER_NONNULL = YES;
				CLANG_ANALYZER_NUMBER_OBJECT_CONVERSION = YES_AGGRESSIVE;
				CLANG_CXX_LANGUAGE_STANDARD = "gnu++14";
				CLANG_CXX_LIBRARY = "libc++";
				CLANG_ENABLE_MODULES = YES;
				CLANG_ENABLE_OBJC_ARC = YES;
				CLANG_ENABLE_OBJC_WEAK = YES;
				CLANG_WARN_BLOCK_CAPTURE_AUTORELEASING = YES;
				CLANG_WARN_BOOL_CONVERSION = YES;
				CLANG_WARN_COMMA = YES;
				CLANG_WARN_CONSTANT_CONVERSION = YES;
				CLANG_WARN_DEPRECATED_OBJC_IMPLEMENTATIONS = YES;
				CLANG_WARN_DIRECT_OBJC_ISA_USAGE = YES_ERROR;
				CLANG_WARN_DOCUMENTATION_COMMENTS = YES;
				CLANG_WARN_EMPTY_BODY = YES;
				CLANG_WARN_ENUM_CONVERSION = YES;
				CLANG_WARN_INFINITE_RECURSION = YES;
				CLANG_WARN_INT_CONVERSION = YES;
				CLANG_WARN_NON_LITERAL_NULL_CONVERSION = YES;
				CLANG_WARN_OBJC_IMPLICIT_RETAIN_SELF = YES;
				CLANG_WARN_OBJC_LITERAL_CONVERSION = YES;
				CLANG_WARN_OBJC_ROOT_CLASS = YES_ERROR;
				CLANG_WARN_QUOTED_INCLUDE_IN_FRAMEWORK_HEADER = YES;
				CLANG_WARN_RANGE_LOOP_ANALYSIS = YES;
				CLANG_WARN_STRICT_PROTOTYPES = YES;
				CLANG_WARN_SUSPICIOUS_MOVE = YES;
				CLANG_WARN_UNGUARDED_AVAILABILITY = YES_AGGRESSIVE;
				CLANG_WARN_UNREACHABLE_CODE = YES;
				CLANG_WARN__DUPLICATE_METHOD_MATCH = YES;
				COPY_PHASE_STRIP = NO;
				DEBUG_INFORMATION_FORMAT = dwarf;
				ENABLE_STRICT_OBJC_MSGSEND = YES;
				ENABLE_TESTABILITY = YES;
				GCC_C_LANGUAGE_STANDARD = gnu11;
				GCC_DYNAMIC_NO_PIC = NO;
				GCC_NO_COMMON_BLOCKS = YES;
				GCC_OPTIMIZATION_LEVEL = 0;
				GCC_PREPROCESSOR_DEFINITIONS = (
					"DEBUG=1",
					"$(inherited)",
				);
				GCC_WARN_64_TO_32_BIT_CONVERSION = YES;
				GCC_WARN_ABOUT_RETURN_TYPE = YES_ERROR;
				GCC_WARN_UNDECLARED_SELECTOR = YES;
				GCC_WARN_UNINITIALIZED_AUTOS = YES_AGGRESSIVE;
				GCC_WARN_UNUSED_FUNCTION = YES;
				GCC_WARN_UNUSED_VARIABLE = YES;
				IPHONEOS_DEPLOYMENT_TARGET = 14.4;
				MTL_ENABLE_DEBUG_INFO = INCLUDE_SOURCE;
				MTL_FAST_MATH = YES;
				ONLY_ACTIVE_ARCH = YES;
				SDKROOT = iphoneos;
				SWIFT_ACTIVE_COMPILATION_CONDITIONS = DEBUG;
				SWIFT_OPTIMIZATION_LEVEL = "-Onone";
			};
			name = Debug;
		};
		225BFB512681F35400F2C778 /* Release */ = {
			isa = XCBuildConfiguration;
			buildSettings = {
				ALWAYS_SEARCH_USER_PATHS = NO;
				CLANG_ANALYZER_NONNULL = YES;
				CLANG_ANALYZER_NUMBER_OBJECT_CONVERSION = YES_AGGRESSIVE;
				CLANG_CXX_LANGUAGE_STANDARD = "gnu++14";
				CLANG_CXX_LIBRARY = "libc++";
				CLANG_ENABLE_MODULES = YES;
				CLANG_ENABLE_OBJC_ARC = YES;
				CLANG_ENABLE_OBJC_WEAK = YES;
				CLANG_WARN_BLOCK_CAPTURE_AUTORELEASING = YES;
				CLANG_WARN_BOOL_CONVERSION = YES;
				CLANG_WARN_COMMA = YES;
				CLANG_WARN_CONSTANT_CONVERSION = YES;
				CLANG_WARN_DEPRECATED_OBJC_IMPLEMENTATIONS = YES;
				CLANG_WARN_DIRECT_OBJC_ISA_USAGE = YES_ERROR;
				CLANG_WARN_DOCUMENTATION_COMMENTS = YES;
				CLANG_WARN_EMPTY_BODY = YES;
				CLANG_WARN_ENUM_CONVERSION = YES;
				CLANG_WARN_INFINITE_RECURSION = YES;
				CLANG_WARN_INT_CONVERSION = YES;
				CLANG_WARN_NON_LITERAL_NULL_CONVERSION = YES;
				CLANG_WARN_OBJC_IMPLICIT_RETAIN_SELF = YES;
				CLANG_WARN_OBJC_LITERAL_CONVERSION = YES;
				CLANG_WARN_OBJC_ROOT_CLASS = YES_ERROR;
				CLANG_WARN_QUOTED_INCLUDE_IN_FRAMEWORK_HEADER = YES;
				CLANG_WARN_RANGE_LOOP_ANALYSIS = YES;
				CLANG_WARN_STRICT_PROTOTYPES = YES;
				CLANG_WARN_SUSPICIOUS_MOVE = YES;
				CLANG_WARN_UNGUARDED_AVAILABILITY = YES_AGGRESSIVE;
				CLANG_WARN_UNREACHABLE_CODE = YES;
				CLANG_WARN__DUPLICATE_METHOD_MATCH = YES;
				COPY_PHASE_STRIP = NO;
				DEBUG_INFORMATION_FORMAT = "dwarf-with-dsym";
				ENABLE_NS_ASSERTIONS = NO;
				ENABLE_STRICT_OBJC_MSGSEND = YES;
				GCC_C_LANGUAGE_STANDARD = gnu11;
				GCC_NO_COMMON_BLOCKS = YES;
				GCC_WARN_64_TO_32_BIT_CONVERSION = YES;
				GCC_WARN_ABOUT_RETURN_TYPE = YES_ERROR;
				GCC_WARN_UNDECLARED_SELECTOR = YES;
				GCC_WARN_UNINITIALIZED_AUTOS = YES_AGGRESSIVE;
				GCC_WARN_UNUSED_FUNCTION = YES;
				GCC_WARN_UNUSED_VARIABLE = YES;
				IPHONEOS_DEPLOYMENT_TARGET = 14.4;
				MTL_ENABLE_DEBUG_INFO = NO;
				MTL_FAST_MATH = YES;
				SDKROOT = iphoneos;
				SWIFT_COMPILATION_MODE = wholemodule;
				SWIFT_OPTIMIZATION_LEVEL = "-O";
				VALIDATE_PRODUCT = YES;
			};
			name = Release;
		};
		225BFB532681F35400F2C778 /* Debug */ = {
			isa = XCBuildConfiguration;
			buildSettings = {
				ASSETCATALOG_COMPILER_APPICON_NAME = AppIcon;
				ASSETCATALOG_COMPILER_GLOBAL_ACCENT_COLOR_NAME = AccentColor;
				CODE_SIGN_STYLE = Automatic;
				DEVELOPMENT_ASSET_PATHS = "\"TodoList/Preview Content\"";
				DEVELOPMENT_TEAM = 7YY4NV42A9;
				ENABLE_PREVIEWS = YES;
				INFOPLIST_FILE = TodoList/Info.plist;
				IPHONEOS_DEPLOYMENT_TARGET = 14.0;
				LD_RUNPATH_SEARCH_PATHS = (
					"$(inherited)",
					"@executable_path/Frameworks",
				);
				PRODUCT_BUNDLE_IDENTIFIER = philips.TodoList;
				PRODUCT_NAME = "$(TARGET_NAME)";
				SWIFT_VERSION = 5.0;
				TARGETED_DEVICE_FAMILY = "1,2";
			};
			name = Debug;
		};
		225BFB542681F35400F2C778 /* Release */ = {
			isa = XCBuildConfiguration;
			buildSettings = {
				ASSETCATALOG_COMPILER_APPICON_NAME = AppIcon;
				ASSETCATALOG_COMPILER_GLOBAL_ACCENT_COLOR_NAME = AccentColor;
				CODE_SIGN_STYLE = Automatic;
				DEVELOPMENT_ASSET_PATHS = "\"TodoList/Preview Content\"";
				DEVELOPMENT_TEAM = 7YY4NV42A9;
				ENABLE_PREVIEWS = YES;
				INFOPLIST_FILE = TodoList/Info.plist;
				IPHONEOS_DEPLOYMENT_TARGET = 14.0;
				LD_RUNPATH_SEARCH_PATHS = (
					"$(inherited)",
					"@executable_path/Frameworks",
				);
				PRODUCT_BUNDLE_IDENTIFIER = philips.TodoList;
				PRODUCT_NAME = "$(TARGET_NAME)";
				SWIFT_VERSION = 5.0;
				TARGETED_DEVICE_FAMILY = "1,2";
			};
			name = Release;
		};
/* End XCBuildConfiguration section */

/* Begin XCConfigurationList section */
		225BFB3E2681F35200F2C778 /* Build configuration list for PBXProject "TodoList" */ = {
			isa = XCConfigurationList;
			buildConfigurations = (
				225BFB502681F35400F2C778 /* Debug */,
				225BFB512681F35400F2C778 /* Release */,
			);
			defaultConfigurationIsVisible = 0;
			defaultConfigurationName = Release;
		};
		225BFB522681F35400F2C778 /* Build configuration list for PBXNativeTarget "TodoList" */ = {
			isa = XCConfigurationList;
			buildConfigurations = (
				225BFB532681F35400F2C778 /* Debug */,
				225BFB542681F35400F2C778 /* Release */,
			);
			defaultConfigurationIsVisible = 0;
			defaultConfigurationName = Release;
		};
/* End XCConfigurationList section */
	};
	rootObject = 225BFB3B2681F35200F2C778 /* Project object */;
}
